%{"cowboy": {:git, "git://github.com/extend/cowboy.git", "260fc1e60b6cc231e026d0aa28a24bf7dec7539a", []},
  "cowlib": {:git, "git://github.com/ninenines/cowlib.git", "d544a494af4dbc810fc9c15eaf5cc050cced1501", [ref: "1.0.0"]},
  "eper": {:git, "git://github.com/massemanet/eper.git", "8a2e0ba5d21cd9d0aace52a7fb875948497aac48", []},
  "erl_img": {:git, "https://github.com/evanmiller/erl_img.git", "f85ae38ced5f7a8eecc2400588c070740c80f194", []},
  "erlimg": {:git, "https://github.com/evanmiller/erl_img.git", "f85ae38ced5f7a8eecc2400588c070740c80f194", []},
  "ex_conf": {:package, "0.1.2"},
  "exprotobuf": {:git, "git://github.com/bitwalker/exprotobuf.git", "528023a77050cf2f11483b61a909fd7a8e2bb709", []},
  "goldrush": {:git, "git://github.com/DeadZen/goldrush.git", "71e63212f12c25827e0c1b4198d37d5d018a7fec", [tag: "0.1.6"]},
  "gpb": {:git, "git://github.com/tomas-abrahamsson/gpb.git", "da3ee87da63c68b9ff5b9caaaecf0efcf497c4f2", []},
  "ibrowse": {:git, "git://github.com/cmullaparthi/ibrowse.git", "fae777f86d31407c4442a37f8017f6f2ea6c0a22", []},
  "inflex": {:package, "0.2.4"},
  "jazz": {:package, "0.1.2"},
  "jiffy": {:git, "git://github.com/davisp/jiffy.git", "99867af6e9bfec6bb80b10524d4dc27e39150dee", []},
  "lager": {:git, "git://github.com/basho/lager.git", "dd267603e93e8babe9ef9164fc176b430d669431", []},
  "meck": {:git, "git://github.com/basho/meck.git", "d4730c6d47e437b1dcd170551506e7b10596cd5a", [tag: "0.8.1p1"]},
  "mixer": {:git, "git://github.com/opscode/mixer.git", "23b8fc76811d12087c58a368d6008d8e8a2b4dc6", []},
  "phoenix": {:package, "0.3.0"},
  "plug": {:package, "0.5.1"},
  "proper": {:git, "git://github.com/manopapad/proper.git", "043f68f2102f366abaa5c5dbf2b55b833d7e90bd", [ref: "master"]},
  "protobuffs": {:git, "git://github.com/basho/erlang_protobuffs.git", "5257dfe4e000b58487af89b849c7336ffa9bae82", [tag: "0.8.1p4"]},
  "ranch": {:git, "git://github.com/ninenines/ranch.git", "adf1822defc2b7cfdc7aca112adabfa1d614043c", [ref: "1.0.0"]},
  "riak-elixir-client": {:git, "git://github.com/drewkerrigan/riak-elixir-client.git", "3d2e983713e991f9aebcd4971d7264ee97ae8206", []},
  "riak-erlang-client": {:git, "git://github.com/basho/riak-erlang-client.git", "7b10fb6eff0aa2345f89ca53cf14f46d3e4f1001", []},
  "riak_pb": {:git, "git://github.com/basho/riak_pb", "fc18a9b37170431f659e08d66ed78e3f6bbc47ca", [tag: "2.0.0.16"]},
  "riakc": {:git, "git://github.com/basho/riak-erlang-client.git", "7b10fb6eff0aa2345f89ca53cf14f46d3e4f1001", []},
  "riakclient": {:git, "git://github.com/drewkerrigan/riak-elixir-client.git", "3d2e983713e991f9aebcd4971d7264ee97ae8206", []},
  "sync": {:git, "git://github.com/rustyio/sync.git", "1e02d24e919d1406821c5e3542e2eff2e156d315", []}}
