
Microsoft Visual Studio Solution File, Format Version 11.00
# Visual Studio 2010
Project("{FAE04EC0-301F-11D3-BF4B-00C04F79EFBC}") = "voxel-world", "voxel-world.csproj", "{E8B6D193-DD20-4440-9A76-06DEF9CBF556}"
EndProject
Project("{FAE04EC0-301F-11D3-BF4B-00C04F79EFBC}") = "TestWorldRest", "..\TestWorldRest\TestWorldRest.csproj", "{E2004AAD-31CB-460D-B09E-0E1A758592D6}"
EndProject
Project("{FAE04EC0-301F-11D3-BF4B-00C04F79EFBC}") = "TestWorldRabbitMq", "..\TestWorldRabbitMq\TestWorldRabbitMq.csproj", "{AE1D4AE8-5130-4CB7-8D5F-C7F2C983FBC2}"
EndProject
Global
	GlobalSection(SolutionConfigurationPlatforms) = preSolution
		Debug|x86 = Debug|x86
		Release|x86 = Release|x86
	EndGlobalSection
	GlobalSection(ProjectConfigurationPlatforms) = postSolution
		{AE1D4AE8-5130-4CB7-8D5F-C7F2C983FBC2}.Debug|x86.ActiveCfg = Debug|x86
		{AE1D4AE8-5130-4CB7-8D5F-C7F2C983FBC2}.Debug|x86.Build.0 = Debug|x86
		{AE1D4AE8-5130-4CB7-8D5F-C7F2C983FBC2}.Release|x86.ActiveCfg = Release|x86
		{AE1D4AE8-5130-4CB7-8D5F-C7F2C983FBC2}.Release|x86.Build.0 = Release|x86
		{E2004AAD-31CB-460D-B09E-0E1A758592D6}.Debug|x86.ActiveCfg = Debug|x86
		{E2004AAD-31CB-460D-B09E-0E1A758592D6}.Debug|x86.Build.0 = Debug|x86
		{E2004AAD-31CB-460D-B09E-0E1A758592D6}.Release|x86.ActiveCfg = Release|x86
		{E2004AAD-31CB-460D-B09E-0E1A758592D6}.Release|x86.Build.0 = Release|x86
		{E8B6D193-DD20-4440-9A76-06DEF9CBF556}.Debug|x86.ActiveCfg = Debug|x86
		{E8B6D193-DD20-4440-9A76-06DEF9CBF556}.Debug|x86.Build.0 = Debug|x86
		{E8B6D193-DD20-4440-9A76-06DEF9CBF556}.Release|x86.ActiveCfg = Release|x86
		{E8B6D193-DD20-4440-9A76-06DEF9CBF556}.Release|x86.Build.0 = Release|x86
		{1B238A37-3DDC-4BE3-B33B-4420D1054C27}.Debug|x86.ActiveCfg = Debug|Any CPU
		{1B238A37-3DDC-4BE3-B33B-4420D1054C27}.Release|x86.ActiveCfg = Release|Any CPU
	EndGlobalSection
	GlobalSection(MonoDevelopProperties) = preSolution
		StartupItem = voxel-world.csproj
	EndGlobalSection
	GlobalSection(SolutionProperties) = preSolution
		HideSolutionNode = FALSE
	EndGlobalSection
EndGlobal
